// !$*UTF8*$!
{
	archiveVersion = 1;
	classes = {
	};
	objectVersion = 50;
	objects = {

/* Begin PBXBuildFile section */
		C337D2D8246A39450096370E /* ErrorResponse.json in Resources */ = {isa = PBXBuildFile; fileRef = C337D2D7246A39450096370E /* ErrorResponse.json */; };
		C337D2DC246A3FE20096370E /* URLExtensions.swift in Sources */ = {isa = PBXBuildFile; fileRef = C337D2DB246A3FE20096370E /* URLExtensions.swift */; };
		C337D2DE246A40030096370E /* UIVIewControllerExtesnions.swift in Sources */ = {isa = PBXBuildFile; fileRef = C337D2DD246A40030096370E /* UIVIewControllerExtesnions.swift */; };
		C337D2E0246A46DC0096370E /* CoffeeMapViewModelType.swift in Sources */ = {isa = PBXBuildFile; fileRef = C337D2DF246A46DC0096370E /* CoffeeMapViewModelType.swift */; };
		C349A65D2465FB5C00685DFD /* AppDelegate.swift in Sources */ = {isa = PBXBuildFile; fileRef = C349A65C2465FB5C00685DFD /* AppDelegate.swift */; };
		C349A65F2465FB5C00685DFD /* SceneDelegate.swift in Sources */ = {isa = PBXBuildFile; fileRef = C349A65E2465FB5C00685DFD /* SceneDelegate.swift */; };
		C349A6612465FB5C00685DFD /* ViewController.swift in Sources */ = {isa = PBXBuildFile; fileRef = C349A6602465FB5C00685DFD /* ViewController.swift */; };
		C349A6642465FB5C00685DFD /* Main.storyboard in Resources */ = {isa = PBXBuildFile; fileRef = C349A6622465FB5C00685DFD /* Main.storyboard */; };
		C349A6662465FB5E00685DFD /* Assets.xcassets in Resources */ = {isa = PBXBuildFile; fileRef = C349A6652465FB5E00685DFD /* Assets.xcassets */; };
		C349A6692465FB5E00685DFD /* LaunchScreen.storyboard in Resources */ = {isa = PBXBuildFile; fileRef = C349A6672465FB5E00685DFD /* LaunchScreen.storyboard */; };
		C349A6742465FB5E00685DFD /* CoffeeShopsUITests.swift in Sources */ = {isa = PBXBuildFile; fileRef = C349A6732465FB5E00685DFD /* CoffeeShopsUITests.swift */; };
		C349A680246603E800685DFD /* SearchResponse.swift in Sources */ = {isa = PBXBuildFile; fileRef = C349A67F246603E800685DFD /* SearchResponse.swift */; };
		C349A687246728E700685DFD /* FourSquareService.swift in Sources */ = {isa = PBXBuildFile; fileRef = C349A686246728E700685DFD /* FourSquareService.swift */; };
		C349A68924672A6E00685DFD /* Result.swift in Sources */ = {isa = PBXBuildFile; fileRef = C349A68824672A6E00685DFD /* Result.swift */; };
		C349A68C24672C7100685DFD /* CoffeeMapViewModel.swift in Sources */ = {isa = PBXBuildFile; fileRef = C349A68B24672C7100685DFD /* CoffeeMapViewModel.swift */; };
		C349A68F2467340400685DFD /* FSAnnotation.swift in Sources */ = {isa = PBXBuildFile; fileRef = C349A68E2467340400685DFD /* FSAnnotation.swift */; };
		C349A692246735C600685DFD /* AnnotationView.swift in Sources */ = {isa = PBXBuildFile; fileRef = C349A691246735C600685DFD /* AnnotationView.swift */; };
		C349A6A32467724900685DFD /* Response.json in Resources */ = {isa = PBXBuildFile; fileRef = C349A6A22467724900685DFD /* Response.json */; };
		C349A6A8246777CA00685DFD /* FourSquareRequest.swift in Sources */ = {isa = PBXBuildFile; fileRef = C349A6A7246777CA00685DFD /* FourSquareRequest.swift */; };
		C35C118A2469993400D74DD4 /* MockCoffeeViewModel.swift in Sources */ = {isa = PBXBuildFile; fileRef = C35C11892469993400D74DD4 /* MockCoffeeViewModel.swift */; };
		C38FE72524688BD10062C9E7 /* LocationService.swift in Sources */ = {isa = PBXBuildFile; fileRef = C38FE72424688BD10062C9E7 /* LocationService.swift */; };
		C38FE728246898C40062C9E7 /* MockLocationManager.swift in Sources */ = {isa = PBXBuildFile; fileRef = C38FE727246898C40062C9E7 /* MockLocationManager.swift */; };
		C38FE72A24689AA50062C9E7 /* LocationServiceTests.swift in Sources */ = {isa = PBXBuildFile; fileRef = C38FE72924689AA50062C9E7 /* LocationServiceTests.swift */; };
		C38FE72C2468D1B80062C9E7 /* CoffeeViewModelTests.swift in Sources */ = {isa = PBXBuildFile; fileRef = C38FE72B2468D1B80062C9E7 /* CoffeeViewModelTests.swift */; };
		C38FE72E2468D1EC0062C9E7 /* MockFourSquareService.swift in Sources */ = {isa = PBXBuildFile; fileRef = C38FE72D2468D1EC0062C9E7 /* MockFourSquareService.swift */; };
		C38FE72F2468DA840062C9E7 /* Response.json in Resources */ = {isa = PBXBuildFile; fileRef = C349A6A22467724900685DFD /* Response.json */; };
		C38FE7312468DC210062C9E7 /* Mockdata.json in Resources */ = {isa = PBXBuildFile; fileRef = C38FE7302468DC210062C9E7 /* Mockdata.json */; };
		C38FE7332468EA060062C9E7 /* MockNetworkSession.swift in Sources */ = {isa = PBXBuildFile; fileRef = C38FE7322468EA060062C9E7 /* MockNetworkSession.swift */; };
		C38FE7352468EAC40062C9E7 /* FourSquareServiceTests.swift in Sources */ = {isa = PBXBuildFile; fileRef = C38FE7342468EAC40062C9E7 /* FourSquareServiceTests.swift */; };
		C38FE7372468FFFD0062C9E7 /* MockRequest.swift in Sources */ = {isa = PBXBuildFile; fileRef = C38FE7362468FFFD0062C9E7 /* MockRequest.swift */; };
		C38FE7392469002F0062C9E7 /* RequestProtocol.swift in Sources */ = {isa = PBXBuildFile; fileRef = C38FE7382469002F0062C9E7 /* RequestProtocol.swift */; };
		C3F2E1602469043E00AB3BA5 /* FourSuareRequestTests.swift in Sources */ = {isa = PBXBuildFile; fileRef = C3F2E15F2469043E00AB3BA5 /* FourSuareRequestTests.swift */; };
		C3F2E16224690E9100AB3BA5 /* ViewControllerTests.swift in Sources */ = {isa = PBXBuildFile; fileRef = C3F2E16124690E9100AB3BA5 /* ViewControllerTests.swift */; };
/* End PBXBuildFile section */

/* Begin PBXContainerItemProxy section */
		C349A6702465FB5E00685DFD /* PBXContainerItemProxy */ = {
			isa = PBXContainerItemProxy;
			containerPortal = C349A6512465FB5C00685DFD /* Project object */;
			proxyType = 1;
			remoteGlobalIDString = C349A6582465FB5C00685DFD;
			remoteInfo = CoffeeShops;
		};
		C349A69C2467713C00685DFD /* PBXContainerItemProxy */ = {
			isa = PBXContainerItemProxy;
			containerPortal = C349A6512465FB5C00685DFD /* Project object */;
			proxyType = 1;
			remoteGlobalIDString = C349A6582465FB5C00685DFD;
			remoteInfo = CoffeeShops;
		};
/* End PBXContainerItemProxy section */

/* Begin PBXFileReference section */
		C337D2D7246A39450096370E /* ErrorResponse.json */ = {isa = PBXFileReference; lastKnownFileType = text.json; path = ErrorResponse.json; sourceTree = "<group>"; };
		C337D2DB246A3FE20096370E /* URLExtensions.swift */ = {isa = PBXFileReference; lastKnownFileType = sourcecode.swift; path = URLExtensions.swift; sourceTree = "<group>"; };
		C337D2DD246A40030096370E /* UIVIewControllerExtesnions.swift */ = {isa = PBXFileReference; lastKnownFileType = sourcecode.swift; path = UIVIewControllerExtesnions.swift; sourceTree = "<group>"; };
		C337D2DF246A46DC0096370E /* CoffeeMapViewModelType.swift */ = {isa = PBXFileReference; lastKnownFileType = sourcecode.swift; path = CoffeeMapViewModelType.swift; sourceTree = "<group>"; };
		C349A6592465FB5C00685DFD /* CoffeeShops.app */ = {isa = PBXFileReference; explicitFileType = wrapper.application; includeInIndex = 0; path = CoffeeShops.app; sourceTree = BUILT_PRODUCTS_DIR; };
		C349A65C2465FB5C00685DFD /* AppDelegate.swift */ = {isa = PBXFileReference; lastKnownFileType = sourcecode.swift; path = AppDelegate.swift; sourceTree = "<group>"; };
		C349A65E2465FB5C00685DFD /* SceneDelegate.swift */ = {isa = PBXFileReference; lastKnownFileType = sourcecode.swift; path = SceneDelegate.swift; sourceTree = "<group>"; };
		C349A6602465FB5C00685DFD /* ViewController.swift */ = {isa = PBXFileReference; lastKnownFileType = sourcecode.swift; path = ViewController.swift; sourceTree = "<group>"; };
		C349A6632465FB5C00685DFD /* Base */ = {isa = PBXFileReference; lastKnownFileType = file.storyboard; name = Base; path = Base.lproj/Main.storyboard; sourceTree = "<group>"; };
		C349A6652465FB5E00685DFD /* Assets.xcassets */ = {isa = PBXFileReference; lastKnownFileType = folder.assetcatalog; path = Assets.xcassets; sourceTree = "<group>"; };
		C349A6682465FB5E00685DFD /* Base */ = {isa = PBXFileReference; lastKnownFileType = file.storyboard; name = Base; path = Base.lproj/LaunchScreen.storyboard; sourceTree = "<group>"; };
		C349A66A2465FB5E00685DFD /* Info.plist */ = {isa = PBXFileReference; lastKnownFileType = text.plist.xml; path = Info.plist; sourceTree = "<group>"; };
		C349A66F2465FB5E00685DFD /* CoffeeShopsUITests.xctest */ = {isa = PBXFileReference; explicitFileType = wrapper.cfbundle; includeInIndex = 0; path = CoffeeShopsUITests.xctest; sourceTree = BUILT_PRODUCTS_DIR; };
		C349A6732465FB5E00685DFD /* CoffeeShopsUITests.swift */ = {isa = PBXFileReference; lastKnownFileType = sourcecode.swift; path = CoffeeShopsUITests.swift; sourceTree = "<group>"; };
		C349A6752465FB5E00685DFD /* Info.plist */ = {isa = PBXFileReference; lastKnownFileType = text.plist.xml; path = Info.plist; sourceTree = "<group>"; };
		C349A67F246603E800685DFD /* SearchResponse.swift */ = {isa = PBXFileReference; lastKnownFileType = sourcecode.swift; path = SearchResponse.swift; sourceTree = "<group>"; };
		C349A686246728E700685DFD /* FourSquareService.swift */ = {isa = PBXFileReference; lastKnownFileType = sourcecode.swift; path = FourSquareService.swift; sourceTree = "<group>"; };
		C349A68824672A6E00685DFD /* Result.swift */ = {isa = PBXFileReference; lastKnownFileType = sourcecode.swift; path = Result.swift; sourceTree = "<group>"; };
		C349A68B24672C7100685DFD /* CoffeeMapViewModel.swift */ = {isa = PBXFileReference; lastKnownFileType = sourcecode.swift; path = CoffeeMapViewModel.swift; sourceTree = "<group>"; };
		C349A68E2467340400685DFD /* FSAnnotation.swift */ = {isa = PBXFileReference; lastKnownFileType = sourcecode.swift; path = FSAnnotation.swift; sourceTree = "<group>"; };
		C349A691246735C600685DFD /* AnnotationView.swift */ = {isa = PBXFileReference; lastKnownFileType = sourcecode.swift; path = AnnotationView.swift; sourceTree = "<group>"; };
		C349A6972467713C00685DFD /* CoffeeShopsTests.xctest */ = {isa = PBXFileReference; explicitFileType = wrapper.cfbundle; includeInIndex = 0; path = CoffeeShopsTests.xctest; sourceTree = BUILT_PRODUCTS_DIR; };
		C349A69B2467713C00685DFD /* Info.plist */ = {isa = PBXFileReference; lastKnownFileType = text.plist.xml; path = Info.plist; sourceTree = "<group>"; };
		C349A6A22467724900685DFD /* Response.json */ = {isa = PBXFileReference; lastKnownFileType = text.json; path = Response.json; sourceTree = "<group>"; };
		C349A6A7246777CA00685DFD /* FourSquareRequest.swift */ = {isa = PBXFileReference; lastKnownFileType = sourcecode.swift; path = FourSquareRequest.swift; sourceTree = "<group>"; };
		C35C11892469993400D74DD4 /* MockCoffeeViewModel.swift */ = {isa = PBXFileReference; lastKnownFileType = sourcecode.swift; path = MockCoffeeViewModel.swift; sourceTree = "<group>"; };
		C38FE72424688BD10062C9E7 /* LocationService.swift */ = {isa = PBXFileReference; lastKnownFileType = sourcecode.swift; path = LocationService.swift; sourceTree = "<group>"; };
		C38FE727246898C40062C9E7 /* MockLocationManager.swift */ = {isa = PBXFileReference; lastKnownFileType = sourcecode.swift; path = MockLocationManager.swift; sourceTree = "<group>"; };
		C38FE72924689AA50062C9E7 /* LocationServiceTests.swift */ = {isa = PBXFileReference; lastKnownFileType = sourcecode.swift; path = LocationServiceTests.swift; sourceTree = "<group>"; };
		C38FE72B2468D1B80062C9E7 /* CoffeeViewModelTests.swift */ = {isa = PBXFileReference; lastKnownFileType = sourcecode.swift; path = CoffeeViewModelTests.swift; sourceTree = "<group>"; };
		C38FE72D2468D1EC0062C9E7 /* MockFourSquareService.swift */ = {isa = PBXFileReference; lastKnownFileType = sourcecode.swift; path = MockFourSquareService.swift; sourceTree = "<group>"; };
		C38FE7302468DC210062C9E7 /* Mockdata.json */ = {isa = PBXFileReference; lastKnownFileType = text.json; path = Mockdata.json; sourceTree = "<group>"; };
		C38FE7322468EA060062C9E7 /* MockNetworkSession.swift */ = {isa = PBXFileReference; lastKnownFileType = sourcecode.swift; path = MockNetworkSession.swift; sourceTree = "<group>"; };
		C38FE7342468EAC40062C9E7 /* FourSquareServiceTests.swift */ = {isa = PBXFileReference; lastKnownFileType = sourcecode.swift; path = FourSquareServiceTests.swift; sourceTree = "<group>"; };
		C38FE7362468FFFD0062C9E7 /* MockRequest.swift */ = {isa = PBXFileReference; lastKnownFileType = sourcecode.swift; path = MockRequest.swift; sourceTree = "<group>"; };
		C38FE7382469002F0062C9E7 /* RequestProtocol.swift */ = {isa = PBXFileReference; lastKnownFileType = sourcecode.swift; path = RequestProtocol.swift; sourceTree = "<group>"; };
		C3F2E15F2469043E00AB3BA5 /* FourSuareRequestTests.swift */ = {isa = PBXFileReference; lastKnownFileType = sourcecode.swift; path = FourSuareRequestTests.swift; sourceTree = "<group>"; };
		C3F2E16124690E9100AB3BA5 /* ViewControllerTests.swift */ = {isa = PBXFileReference; lastKnownFileType = sourcecode.swift; path = ViewControllerTests.swift; sourceTree = "<group>"; };
/* End PBXFileReference section */

/* Begin PBXFrameworksBuildPhase section */
		C349A6562465FB5C00685DFD /* Frameworks */ = {
			isa = PBXFrameworksBuildPhase;
			buildActionMask = 2147483647;
			files = (
			);
			runOnlyForDeploymentPostprocessing = 0;
		};
		C349A66C2465FB5E00685DFD /* Frameworks */ = {
			isa = PBXFrameworksBuildPhase;
			buildActionMask = 2147483647;
			files = (
			);
			runOnlyForDeploymentPostprocessing = 0;
		};
		C349A6942467713C00685DFD /* Frameworks */ = {
			isa = PBXFrameworksBuildPhase;
			buildActionMask = 2147483647;
			files = (
			);
			runOnlyForDeploymentPostprocessing = 0;
		};
/* End PBXFrameworksBuildPhase section */

/* Begin PBXGroup section */
		C337D2D9246A395A0096370E /* Testdata */ = {
			isa = PBXGroup;
			children = (
				C349A6A22467724900685DFD /* Response.json */,
				C337D2D7246A39450096370E /* ErrorResponse.json */,
				C38FE7302468DC210062C9E7 /* Mockdata.json */,
			);
			path = Testdata;
			sourceTree = "<group>";
		};
		C337D2DA246A3FCD0096370E /* Extensions */ = {
			isa = PBXGroup;
			children = (
				C337D2DB246A3FE20096370E /* URLExtensions.swift */,
				C337D2DD246A40030096370E /* UIVIewControllerExtesnions.swift */,
			);
			path = Extensions;
			sourceTree = "<group>";
		};
		C349A6502465FB5C00685DFD = {
			isa = PBXGroup;
			children = (
				C349A65B2465FB5C00685DFD /* CoffeeShops */,
				C349A6722465FB5E00685DFD /* CoffeeShopsUITests */,
				C349A6982467713C00685DFD /* CoffeeShopsTests */,
				C349A65A2465FB5C00685DFD /* Products */,
			);
			sourceTree = "<group>";
		};
		C349A65A2465FB5C00685DFD /* Products */ = {
			isa = PBXGroup;
			children = (
				C349A6592465FB5C00685DFD /* CoffeeShops.app */,
				C349A66F2465FB5E00685DFD /* CoffeeShopsUITests.xctest */,
				C349A6972467713C00685DFD /* CoffeeShopsTests.xctest */,
			);
			name = Products;
			sourceTree = "<group>";
		};
		C349A65B2465FB5C00685DFD /* CoffeeShops */ = {
			isa = PBXGroup;
			children = (
				C337D2DA246A3FCD0096370E /* Extensions */,
				C35C118B246A2D6000D74DD4 /* Controllers */,
				C38FE72324688BB80062C9E7 /* LocationManager */,
				C349A68D246733C400685DFD /* MapHelpers */,
				C349A68A24672C4700685DFD /* ViewModels */,
				C349A685246728BB00685DFD /* Services */,
				C349A67E2466032C00685DFD /* Models */,
				C349A65C2465FB5C00685DFD /* AppDelegate.swift */,
				C349A65E2465FB5C00685DFD /* SceneDelegate.swift */,
				C349A6622465FB5C00685DFD /* Main.storyboard */,
				C349A6652465FB5E00685DFD /* Assets.xcassets */,
				C349A6672465FB5E00685DFD /* LaunchScreen.storyboard */,
				C349A66A2465FB5E00685DFD /* Info.plist */,
			);
			path = CoffeeShops;
			sourceTree = "<group>";
		};
		C349A6722465FB5E00685DFD /* CoffeeShopsUITests */ = {
			isa = PBXGroup;
			children = (
				C349A6732465FB5E00685DFD /* CoffeeShopsUITests.swift */,
				C349A6752465FB5E00685DFD /* Info.plist */,
			);
			path = CoffeeShopsUITests;
			sourceTree = "<group>";
		};
		C349A67E2466032C00685DFD /* Models */ = {
			isa = PBXGroup;
			children = (
				C349A67F246603E800685DFD /* SearchResponse.swift */,
			);
			path = Models;
			sourceTree = "<group>";
		};
		C349A685246728BB00685DFD /* Services */ = {
			isa = PBXGroup;
			children = (
				C349A686246728E700685DFD /* FourSquareService.swift */,
				C349A68824672A6E00685DFD /* Result.swift */,
				C349A6A7246777CA00685DFD /* FourSquareRequest.swift */,
				C38FE7382469002F0062C9E7 /* RequestProtocol.swift */,
			);
			path = Services;
			sourceTree = "<group>";
		};
		C349A68A24672C4700685DFD /* ViewModels */ = {
			isa = PBXGroup;
			children = (
				C349A68B24672C7100685DFD /* CoffeeMapViewModel.swift */,
				C337D2DF246A46DC0096370E /* CoffeeMapViewModelType.swift */,
			);
			path = ViewModels;
			sourceTree = "<group>";
		};
		C349A68D246733C400685DFD /* MapHelpers */ = {
			isa = PBXGroup;
			children = (
				C349A691246735C600685DFD /* AnnotationView.swift */,
				C349A68E2467340400685DFD /* FSAnnotation.swift */,
			);
			path = MapHelpers;
			sourceTree = "<group>";
		};
		C349A6982467713C00685DFD /* CoffeeShopsTests */ = {
			isa = PBXGroup;
			children = (
				C337D2D9246A395A0096370E /* Testdata */,
				C38FE726246898B20062C9E7 /* Mocks */,
				C349A69B2467713C00685DFD /* Info.plist */,
				C38FE72924689AA50062C9E7 /* LocationServiceTests.swift */,
				C38FE72B2468D1B80062C9E7 /* CoffeeViewModelTests.swift */,
				C38FE7342468EAC40062C9E7 /* FourSquareServiceTests.swift */,
				C3F2E15F2469043E00AB3BA5 /* FourSuareRequestTests.swift */,
				C3F2E16124690E9100AB3BA5 /* ViewControllerTests.swift */,
			);
			path = CoffeeShopsTests;
			sourceTree = "<group>";
		};
		C35C118B246A2D6000D74DD4 /* Controllers */ = {
			isa = PBXGroup;
			children = (
				C349A6602465FB5C00685DFD /* ViewController.swift */,
			);
			path = Controllers;
			sourceTree = "<group>";
		};
		C38FE72324688BB80062C9E7 /* LocationManager */ = {
			isa = PBXGroup;
			children = (
				C38FE72424688BD10062C9E7 /* LocationService.swift */,
			);
			path = LocationManager;
			sourceTree = "<group>";
		};
		C38FE726246898B20062C9E7 /* Mocks */ = {
			isa = PBXGroup;
			children = (
				C38FE727246898C40062C9E7 /* MockLocationManager.swift */,
				C38FE7322468EA060062C9E7 /* MockNetworkSession.swift */,
				C38FE72D2468D1EC0062C9E7 /* MockFourSquareService.swift */,
				C38FE7362468FFFD0062C9E7 /* MockRequest.swift */,
				C35C11892469993400D74DD4 /* MockCoffeeViewModel.swift */,
			);
			path = Mocks;
			sourceTree = "<group>";
		};
/* End PBXGroup section */

/* Begin PBXNativeTarget section */
		C349A6582465FB5C00685DFD /* CoffeeShops */ = {
			isa = PBXNativeTarget;
			buildConfigurationList = C349A6782465FB5E00685DFD /* Build configuration list for PBXNativeTarget "CoffeeShops" */;
			buildPhases = (
				C349A6552465FB5C00685DFD /* Sources */,
				C349A6562465FB5C00685DFD /* Frameworks */,
				C349A6572465FB5C00685DFD /* Resources */,
			);
			buildRules = (
			);
			dependencies = (
			);
			name = CoffeeShops;
			productName = CoffeeShops;
			productReference = C349A6592465FB5C00685DFD /* CoffeeShops.app */;
			productType = "com.apple.product-type.application";
		};
		C349A66E2465FB5E00685DFD /* CoffeeShopsUITests */ = {
			isa = PBXNativeTarget;
			buildConfigurationList = C349A67B2465FB5E00685DFD /* Build configuration list for PBXNativeTarget "CoffeeShopsUITests" */;
			buildPhases = (
				C349A66B2465FB5E00685DFD /* Sources */,
				C349A66C2465FB5E00685DFD /* Frameworks */,
				C349A66D2465FB5E00685DFD /* Resources */,
			);
			buildRules = (
			);
			dependencies = (
				C349A6712465FB5E00685DFD /* PBXTargetDependency */,
			);
			name = CoffeeShopsUITests;
			productName = CoffeeShopsUITests;
			productReference = C349A66F2465FB5E00685DFD /* CoffeeShopsUITests.xctest */;
			productType = "com.apple.product-type.bundle.ui-testing";
		};
		C349A6962467713C00685DFD /* CoffeeShopsTests */ = {
			isa = PBXNativeTarget;
			buildConfigurationList = C349A69E2467713C00685DFD /* Build configuration list for PBXNativeTarget "CoffeeShopsTests" */;
			buildPhases = (
				C349A6932467713C00685DFD /* Sources */,
				C349A6942467713C00685DFD /* Frameworks */,
				C349A6952467713C00685DFD /* Resources */,
			);
			buildRules = (
			);
			dependencies = (
				C349A69D2467713C00685DFD /* PBXTargetDependency */,
			);
			name = CoffeeShopsTests;
			productName = CoffeeShopsTests;
			productReference = C349A6972467713C00685DFD /* CoffeeShopsTests.xctest */;
			productType = "com.apple.product-type.bundle.unit-test";
		};
/* End PBXNativeTarget section */

/* Begin PBXProject section */
		C349A6512465FB5C00685DFD /* Project object */ = {
			isa = PBXProject;
			attributes = {
				LastSwiftUpdateCheck = 1140;
				LastUpgradeCheck = 1140;
				ORGANIZATIONNAME = "praveen velanati";
				TargetAttributes = {
					C349A6582465FB5C00685DFD = {
						CreatedOnToolsVersion = 11.4.1;
					};
					C349A66E2465FB5E00685DFD = {
						CreatedOnToolsVersion = 11.4.1;
						TestTargetID = C349A6582465FB5C00685DFD;
					};
					C349A6962467713C00685DFD = {
						CreatedOnToolsVersion = 11.4.1;
						TestTargetID = C349A6582465FB5C00685DFD;
					};
				};
			};
			buildConfigurationList = C349A6542465FB5C00685DFD /* Build configuration list for PBXProject "CoffeeShops" */;
			compatibilityVersion = "Xcode 9.3";
			developmentRegion = en;
			hasScannedForEncodings = 0;
			knownRegions = (
				en,
				Base,
			);
			mainGroup = C349A6502465FB5C00685DFD;
			productRefGroup = C349A65A2465FB5C00685DFD /* Products */;
			projectDirPath = "";
			projectRoot = "";
			targets = (
				C349A6582465FB5C00685DFD /* CoffeeShops */,
				C349A66E2465FB5E00685DFD /* CoffeeShopsUITests */,
				C349A6962467713C00685DFD /* CoffeeShopsTests */,
			);
		};
/* End PBXProject section */

/* Begin PBXResourcesBuildPhase section */
		C349A6572465FB5C00685DFD /* Resources */ = {
			isa = PBXResourcesBuildPhase;
			buildActionMask = 2147483647;
			files = (
				C38FE72F2468DA840062C9E7 /* Response.json in Resources */,
				C349A6692465FB5E00685DFD /* LaunchScreen.storyboard in Resources */,
				C349A6662465FB5E00685DFD /* Assets.xcassets in Resources */,
				C349A6642465FB5C00685DFD /* Main.storyboard in Resources */,
			);
			runOnlyForDeploymentPostprocessing = 0;
		};
		C349A66D2465FB5E00685DFD /* Resources */ = {
			isa = PBXResourcesBuildPhase;
			buildActionMask = 2147483647;
			files = (
			);
			runOnlyForDeploymentPostprocessing = 0;
		};
		C349A6952467713C00685DFD /* Resources */ = {
			isa = PBXResourcesBuildPhase;
			buildActionMask = 2147483647;
			files = (
				C38FE7312468DC210062C9E7 /* Mockdata.json in Resources */,
				C337D2D8246A39450096370E /* ErrorResponse.json in Resources */,
				C349A6A32467724900685DFD /* Response.json in Resources */,
			);
			runOnlyForDeploymentPostprocessing = 0;
		};
/* End PBXResourcesBuildPhase section */

/* Begin PBXSourcesBuildPhase section */
		C349A6552465FB5C00685DFD /* Sources */ = {
			isa = PBXSourcesBuildPhase;
			buildActionMask = 2147483647;
			files = (
				C349A68924672A6E00685DFD /* Result.swift in Sources */,
				C349A692246735C600685DFD /* AnnotationView.swift in Sources */,
				C349A68F2467340400685DFD /* FSAnnotation.swift in Sources */,
				C337D2DE246A40030096370E /* UIVIewControllerExtesnions.swift in Sources */,
				C349A68C24672C7100685DFD /* CoffeeMapViewModel.swift in Sources */,
				C349A687246728E700685DFD /* FourSquareService.swift in Sources */,
				C337D2E0246A46DC0096370E /* CoffeeMapViewModelType.swift in Sources */,
				C349A6A8246777CA00685DFD /* FourSquareRequest.swift in Sources */,
				C349A680246603E800685DFD /* SearchResponse.swift in Sources */,
				C337D2DC246A3FE20096370E /* URLExtensions.swift in Sources */,
				C38FE72524688BD10062C9E7 /* LocationService.swift in Sources */,
				C349A6612465FB5C00685DFD /* ViewController.swift in Sources */,
				C349A65D2465FB5C00685DFD /* AppDelegate.swift in Sources */,
				C349A65F2465FB5C00685DFD /* SceneDelegate.swift in Sources */,
				C38FE7392469002F0062C9E7 /* RequestProtocol.swift in Sources */,
			);
			runOnlyForDeploymentPostprocessing = 0;
		};
		C349A66B2465FB5E00685DFD /* Sources */ = {
			isa = PBXSourcesBuildPhase;
			buildActionMask = 2147483647;
			files = (
				C349A6742465FB5E00685DFD /* CoffeeShopsUITests.swift in Sources */,
			);
			runOnlyForDeploymentPostprocessing = 0;
		};
		C349A6932467713C00685DFD /* Sources */ = {
			isa = PBXSourcesBuildPhase;
			buildActionMask = 2147483647;
			files = (
				C3F2E16224690E9100AB3BA5 /* ViewControllerTests.swift in Sources */,
				C38FE72C2468D1B80062C9E7 /* CoffeeViewModelTests.swift in Sources */,
				C38FE728246898C40062C9E7 /* MockLocationManager.swift in Sources */,
				C38FE7352468EAC40062C9E7 /* FourSquareServiceTests.swift in Sources */,
				C35C118A2469993400D74DD4 /* MockCoffeeViewModel.swift in Sources */,
				C38FE72A24689AA50062C9E7 /* LocationServiceTests.swift in Sources */,
				C3F2E1602469043E00AB3BA5 /* FourSuareRequestTests.swift in Sources */,
				C38FE7332468EA060062C9E7 /* MockNetworkSession.swift in Sources */,
				C38FE72E2468D1EC0062C9E7 /* MockFourSquareService.swift in Sources */,
				C38FE7372468FFFD0062C9E7 /* MockRequest.swift in Sources */,
			);
			runOnlyForDeploymentPostprocessing = 0;
		};
/* End PBXSourcesBuildPhase section */

/* Begin PBXTargetDependency section */
		C349A6712465FB5E00685DFD /* PBXTargetDependency */ = {
			isa = PBXTargetDependency;
			target = C349A6582465FB5C00685DFD /* CoffeeShops */;
			targetProxy = C349A6702465FB5E00685DFD /* PBXContainerItemProxy */;
		};
		C349A69D2467713C00685DFD /* PBXTargetDependency */ = {
			isa = PBXTargetDependency;
			target = C349A6582465FB5C00685DFD /* CoffeeShops */;
			targetProxy = C349A69C2467713C00685DFD /* PBXContainerItemProxy */;
		};
/* End PBXTargetDependency section */

/* Begin PBXVariantGroup section */
		C349A6622465FB5C00685DFD /* Main.storyboard */ = {
			isa = PBXVariantGroup;
			children = (
				C349A6632465FB5C00685DFD /* Base */,
			);
			name = Main.storyboard;
			sourceTree = "<group>";
		};
		C349A6672465FB5E00685DFD /* LaunchScreen.storyboard */ = {
			isa = PBXVariantGroup;
			children = (
				C349A6682465FB5E00685DFD /* Base */,
			);
			name = LaunchScreen.storyboard;
			sourceTree = "<group>";
		};
/* End PBXVariantGroup section */

/* Begin XCBuildConfiguration section */
		C349A6762465FB5E00685DFD /* Debug */ = {
			isa = XCBuildConfiguration;
			buildSettings = {
				ALWAYS_SEARCH_USER_PATHS = NO;
				CLANG_ANALYZER_NONNULL = YES;
				CLANG_ANALYZER_NUMBER_OBJECT_CONVERSION = YES_AGGRESSIVE;
				CLANG_CXX_LANGUAGE_STANDARD = "gnu++14";
				CLANG_CXX_LIBRARY = "libc++";
				CLANG_ENABLE_MODULES = YES;
				CLANG_ENABLE_OBJC_ARC = YES;
				CLANG_ENABLE_OBJC_WEAK = YES;
				CLANG_WARN_BLOCK_CAPTURE_AUTORELEASING = YES;
				CLANG_WARN_BOOL_CONVERSION = YES;
				CLANG_WARN_COMMA = YES;
				CLANG_WARN_CONSTANT_CONVERSION = YES;
				CLANG_WARN_DEPRECATED_OBJC_IMPLEMENTATIONS = YES;
				CLANG_WARN_DIRECT_OBJC_ISA_USAGE = YES_ERROR;
				CLANG_WARN_DOCUMENTATION_COMMENTS = YES;
				CLANG_WARN_EMPTY_BODY = YES;
				CLANG_WARN_ENUM_CONVERSION = YES;
				CLANG_WARN_INFINITE_RECURSION = YES;
				CLANG_WARN_INT_CONVERSION = YES;
				CLANG_WARN_NON_LITERAL_NULL_CONVERSION = YES;
				CLANG_WARN_OBJC_IMPLICIT_RETAIN_SELF = YES;
				CLANG_WARN_OBJC_LITERAL_CONVERSION = YES;
				CLANG_WARN_OBJC_ROOT_CLASS = YES_ERROR;
				CLANG_WARN_RANGE_LOOP_ANALYSIS = YES;
				CLANG_WARN_STRICT_PROTOTYPES = YES;
				CLANG_WARN_SUSPICIOUS_MOVE = YES;
				CLANG_WARN_UNGUARDED_AVAILABILITY = YES_AGGRESSIVE;
				CLANG_WARN_UNREACHABLE_CODE = YES;
				CLANG_WARN__DUPLICATE_METHOD_MATCH = YES;
				COPY_PHASE_STRIP = NO;
				DEBUG_INFORMATION_FORMAT = dwarf;
				ENABLE_STRICT_OBJC_MSGSEND = YES;
				ENABLE_TESTABILITY = YES;
				GCC_C_LANGUAGE_STANDARD = gnu11;
				GCC_DYNAMIC_NO_PIC = NO;
				GCC_NO_COMMON_BLOCKS = YES;
				GCC_OPTIMIZATION_LEVEL = 0;
				GCC_PREPROCESSOR_DEFINITIONS = (
					"DEBUG=1",
					"$(inherited)",
				);
				GCC_WARN_64_TO_32_BIT_CONVERSION = YES;
				GCC_WARN_ABOUT_RETURN_TYPE = YES_ERROR;
				GCC_WARN_UNDECLARED_SELECTOR = YES;
				GCC_WARN_UNINITIALIZED_AUTOS = YES_AGGRESSIVE;
				GCC_WARN_UNUSED_FUNCTION = YES;
				GCC_WARN_UNUSED_VARIABLE = YES;
				IPHONEOS_DEPLOYMENT_TARGET = 13.0;
				MTL_ENABLE_DEBUG_INFO = INCLUDE_SOURCE;
				MTL_FAST_MATH = YES;
				ONLY_ACTIVE_ARCH = YES;
				SDKROOT = iphoneos;
				SWIFT_ACTIVE_COMPILATION_CONDITIONS = DEBUG;
				SWIFT_OPTIMIZATION_LEVEL = "-Onone";
			};
			name = Debug;
		};
		C349A6772465FB5E00685DFD /* Release */ = {
			isa = XCBuildConfiguration;
			buildSettings = {
				ALWAYS_SEARCH_USER_PATHS = NO;
				CLANG_ANALYZER_NONNULL = YES;
				CLANG_ANALYZER_NUMBER_OBJECT_CONVERSION = YES_AGGRESSIVE;
				CLANG_CXX_LANGUAGE_STANDARD = "gnu++14";
				CLANG_CXX_LIBRARY = "libc++";
				CLANG_ENABLE_MODULES = YES;
				CLANG_ENABLE_OBJC_ARC = YES;
				CLANG_ENABLE_OBJC_WEAK = YES;
				CLANG_WARN_BLOCK_CAPTURE_AUTORELEASING = YES;
				CLANG_WARN_BOOL_CONVERSION = YES;
				CLANG_WARN_COMMA = YES;
				CLANG_WARN_CONSTANT_CONVERSION = YES;
				CLANG_WARN_DEPRECATED_OBJC_IMPLEMENTATIONS = YES;
				CLANG_WARN_DIRECT_OBJC_ISA_USAGE = YES_ERROR;
				CLANG_WARN_DOCUMENTATION_COMMENTS = YES;
				CLANG_WARN_EMPTY_BODY = YES;
				CLANG_WARN_ENUM_CONVERSION = YES;
				CLANG_WARN_INFINITE_RECURSION = YES;
				CLANG_WARN_INT_CONVERSION = YES;
				CLANG_WARN_NON_LITERAL_NULL_CONVERSION = YES;
				CLANG_WARN_OBJC_IMPLICIT_RETAIN_SELF = YES;
				CLANG_WARN_OBJC_LITERAL_CONVERSION = YES;
				CLANG_WARN_OBJC_ROOT_CLASS = YES_ERROR;
				CLANG_WARN_RANGE_LOOP_ANALYSIS = YES;
				CLANG_WARN_STRICT_PROTOTYPES = YES;
				CLANG_WARN_SUSPICIOUS_MOVE = YES;
				CLANG_WARN_UNGUARDED_AVAILABILITY = YES_AGGRESSIVE;
				CLANG_WARN_UNREACHABLE_CODE = YES;
				CLANG_WARN__DUPLICATE_METHOD_MATCH = YES;
				COPY_PHASE_STRIP = NO;
				DEBUG_INFORMATION_FORMAT = "dwarf-with-dsym";
				ENABLE_NS_ASSERTIONS = NO;
				ENABLE_STRICT_OBJC_MSGSEND = YES;
				GCC_C_LANGUAGE_STANDARD = gnu11;
				GCC_NO_COMMON_BLOCKS = YES;
				GCC_WARN_64_TO_32_BIT_CONVERSION = YES;
				GCC_WARN_ABOUT_RETURN_TYPE = YES_ERROR;
				GCC_WARN_UNDECLARED_SELECTOR = YES;
				GCC_WARN_UNINITIALIZED_AUTOS = YES_AGGRESSIVE;
				GCC_WARN_UNUSED_FUNCTION = YES;
				GCC_WARN_UNUSED_VARIABLE = YES;
				IPHONEOS_DEPLOYMENT_TARGET = 13.0;
				MTL_ENABLE_DEBUG_INFO = NO;
				MTL_FAST_MATH = YES;
				SDKROOT = iphoneos;
				SWIFT_COMPILATION_MODE = wholemodule;
				SWIFT_OPTIMIZATION_LEVEL = "-O";
				VALIDATE_PRODUCT = YES;
			};
			name = Release;
		};
		C349A6792465FB5E00685DFD /* Debug */ = {
			isa = XCBuildConfiguration;
			buildSettings = {
				ASSETCATALOG_COMPILER_APPICON_NAME = AppIcon;
				CODE_SIGN_STYLE = Automatic;
				DEVELOPMENT_TEAM = 6KBX2U5F58;
				INFOPLIST_FILE = CoffeeShops/Info.plist;
				LD_RUNPATH_SEARCH_PATHS = (
					"$(inherited)",
					"@executable_path/Frameworks",
				);
				PRODUCT_BUNDLE_IDENTIFIER = PK.CoffeeShops;
				PRODUCT_NAME = "$(TARGET_NAME)";
				SWIFT_VERSION = 5.0;
				TARGETED_DEVICE_FAMILY = "1,2";
			};
			name = Debug;
		};
		C349A67A2465FB5E00685DFD /* Release */ = {
			isa = XCBuildConfiguration;
			buildSettings = {
				ASSETCATALOG_COMPILER_APPICON_NAME = AppIcon;
				CODE_SIGN_STYLE = Automatic;
				DEVELOPMENT_TEAM = 6KBX2U5F58;
				INFOPLIST_FILE = CoffeeShops/Info.plist;
				LD_RUNPATH_SEARCH_PATHS = (
					"$(inherited)",
					"@executable_path/Frameworks",
				);
				PRODUCT_BUNDLE_IDENTIFIER = PK.CoffeeShops;
				PRODUCT_NAME = "$(TARGET_NAME)";
				SWIFT_VERSION = 5.0;
				TARGETED_DEVICE_FAMILY = "1,2";
			};
			name = Release;
		};
		C349A67C2465FB5E00685DFD /* Debug */ = {
			isa = XCBuildConfiguration;
			buildSettings = {
				ALWAYS_EMBED_SWIFT_STANDARD_LIBRARIES = YES;
				CODE_SIGN_STYLE = Automatic;
				DEVELOPMENT_TEAM = 6KBX2U5F58;
				INFOPLIST_FILE = CoffeeShopsUITests/Info.plist;
				LD_RUNPATH_SEARCH_PATHS = (
					"$(inherited)",
					"@executable_path/Frameworks",
					"@loader_path/Frameworks",
				);
				PRODUCT_BUNDLE_IDENTIFIER = PK.CoffeeShopsUITests;
				PRODUCT_NAME = "$(TARGET_NAME)";
				SWIFT_VERSION = 5.0;
				TARGETED_DEVICE_FAMILY = "1,2";
				TEST_TARGET_NAME = CoffeeShops;
			};
			name = Debug;
		};
		C349A67D2465FB5E00685DFD /* Release */ = {
			isa = XCBuildConfiguration;
			buildSettings = {
				ALWAYS_EMBED_SWIFT_STANDARD_LIBRARIES = YES;
				CODE_SIGN_STYLE = Automatic;
				DEVELOPMENT_TEAM = 6KBX2U5F58;
				INFOPLIST_FILE = CoffeeShopsUITests/Info.plist;
				LD_RUNPATH_SEARCH_PATHS = (
					"$(inherited)",
					"@executable_path/Frameworks",
					"@loader_path/Frameworks",
				);
				PRODUCT_BUNDLE_IDENTIFIER = PK.CoffeeShopsUITests;
				PRODUCT_NAME = "$(TARGET_NAME)";
				SWIFT_VERSION = 5.0;
				TARGETED_DEVICE_FAMILY = "1,2";
				TEST_TARGET_NAME = CoffeeShops;
			};
			name = Release;
		};
		C349A69F2467713C00685DFD /* Debug */ = {
			isa = XCBuildConfiguration;
			buildSettings = {
				BUNDLE_LOADER = "$(TEST_HOST)";
				CODE_SIGN_STYLE = Automatic;
				DEVELOPMENT_TEAM = 6KBX2U5F58;
				INFOPLIST_FILE = CoffeeShopsTests/Info.plist;
				LD_RUNPATH_SEARCH_PATHS = (
					"$(inherited)",
					"@executable_path/Frameworks",
					"@loader_path/Frameworks",
				);
				PRODUCT_BUNDLE_IDENTIFIER = PK.CoffeeShopsTests;
				PRODUCT_NAME = "$(TARGET_NAME)";
				SWIFT_VERSION = 5.0;
				TARGETED_DEVICE_FAMILY = "1,2";
				TEST_HOST = "$(BUILT_PRODUCTS_DIR)/CoffeeShops.app/CoffeeShops";
			};
			name = Debug;
		};
		C349A6A02467713C00685DFD /* Release */ = {
			isa = XCBuildConfiguration;
			buildSettings = {
				BUNDLE_LOADER = "$(TEST_HOST)";
				CODE_SIGN_STYLE = Automatic;
				DEVELOPMENT_TEAM = 6KBX2U5F58;
				INFOPLIST_FILE = CoffeeShopsTests/Info.plist;
				LD_RUNPATH_SEARCH_PATHS = (
					"$(inherited)",
					"@executable_path/Frameworks",
					"@loader_path/Frameworks",
				);
				PRODUCT_BUNDLE_IDENTIFIER = PK.CoffeeShopsTests;
				PRODUCT_NAME = "$(TARGET_NAME)";
				SWIFT_VERSION = 5.0;
				TARGETED_DEVICE_FAMILY = "1,2";
				TEST_HOST = "$(BUILT_PRODUCTS_DIR)/CoffeeShops.app/CoffeeShops";
			};
			name = Release;
		};
/* End XCBuildConfiguration section */

/* Begin XCConfigurationList section */
		C349A6542465FB5C00685DFD /* Build configuration list for PBXProject "CoffeeShops" */ = {
			isa = XCConfigurationList;
			buildConfigurations = (
				C349A6762465FB5E00685DFD /* Debug */,
				C349A6772465FB5E00685DFD /* Release */,
			);
			defaultConfigurationIsVisible = 0;
			defaultConfigurationName = Release;
		};
		C349A6782465FB5E00685DFD /* Build configuration list for PBXNativeTarget "CoffeeShops" */ = {
			isa = XCConfigurationList;
			buildConfigurations = (
				C349A6792465FB5E00685DFD /* Debug */,
				C349A67A2465FB5E00685DFD /* Release */,
			);
			defaultConfigurationIsVisible = 0;
			defaultConfigurationName = Release;
		};
		C349A67B2465FB5E00685DFD /* Build configuration list for PBXNativeTarget "CoffeeShopsUITests" */ = {
			isa = XCConfigurationList;
			buildConfigurations = (
				C349A67C2465FB5E00685DFD /* Debug */,
				C349A67D2465FB5E00685DFD /* Release */,
			);
			defaultConfigurationIsVisible = 0;
			defaultConfigurationName = Release;
		};
		C349A69E2467713C00685DFD /* Build configuration list for PBXNativeTarget "CoffeeShopsTests" */ = {
			isa = XCConfigurationList;
			buildConfigurations = (
				C349A69F2467713C00685DFD /* Debug */,
				C349A6A02467713C00685DFD /* Release */,
			);
			defaultConfigurationIsVisible = 0;
			defaultConfigurationName = Release;
		};
/* End XCConfigurationList section */
	};
	rootObject = C349A6512465FB5C00685DFD /* Project object */;
}
